// !$*UTF8*$!
{
	archiveVersion = 1;
	classes = {
	};
	objectVersion = 46;
	objects = {

/* Begin PBXBuildFile section */
		A10A11D81DE3E76100327228 /* AppDelegate.swift in Sources */ = {isa = PBXBuildFile; fileRef = A10A11D71DE3E76100327228 /* AppDelegate.swift */; };
		A10A11DA1DE3E76200327228 /* ViewController.swift in Sources */ = {isa = PBXBuildFile; fileRef = A10A11D91DE3E76100327228 /* ViewController.swift */; };
		A10A11DD1DE3E76200327228 /* Main.storyboard in Resources */ = {isa = PBXBuildFile; fileRef = A10A11DB1DE3E76200327228 /* Main.storyboard */; };
		A10A11E01DE3E76400327228 /* burgerGPS.xcdatamodeld in Sources */ = {isa = PBXBuildFile; fileRef = A10A11DE1DE3E76400327228 /* burgerGPS.xcdatamodeld */; };
		A10A11E21DE3E76500327228 /* Assets.xcassets in Resources */ = {isa = PBXBuildFile; fileRef = A10A11E11DE3E76500327228 /* Assets.xcassets */; };
		A10A11E51DE3E76500327228 /* LaunchScreen.storyboard in Resources */ = {isa = PBXBuildFile; fileRef = A10A11E31DE3E76500327228 /* LaunchScreen.storyboard */; };
/* End PBXBuildFile section */

/* Begin PBXFileReference section */
		A10A11D41DE3E76000327228 /* burgerGPS.app */ = {isa = PBXFileReference; explicitFileType = wrapper.application; includeInIndex = 0; path = burgerGPS.app; sourceTree = BUILT_PRODUCTS_DIR; };
		A10A11D71DE3E76100327228 /* AppDelegate.swift */ = {isa = PBXFileReference; lastKnownFileType = sourcecode.swift; path = AppDelegate.swift; sourceTree = "<group>"; };
		A10A11D91DE3E76100327228 /* ViewController.swift */ = {isa = PBXFileReference; lastKnownFileType = sourcecode.swift; path = ViewController.swift; sourceTree = "<group>"; };
		A10A11DC1DE3E76200327228 /* Base */ = {isa = PBXFileReference; lastKnownFileType = file.storyboard; name = Base; path = Base.lproj/Main.storyboard; sourceTree = "<group>"; };
		A10A11DF1DE3E76400327228 /* burgerGPS.xcdatamodel */ = {isa = PBXFileReference; lastKnownFileType = wrapper.xcdatamodel; path = burgerGPS.xcdatamodel; sourceTree = "<group>"; };
		A10A11E11DE3E76500327228 /* Assets.xcassets */ = {isa = PBXFileReference; lastKnownFileType = folder.assetcatalog; path = Assets.xcassets; sourceTree = "<group>"; };
		A10A11E41DE3E76500327228 /* Base */ = {isa = PBXFileReference; lastKnownFileType = file.storyboard; name = Base; path = Base.lproj/LaunchScreen.storyboard; sourceTree = "<group>"; };
		A10A11E61DE3E76600327228 /* Info.plist */ = {isa = PBXFileReference; lastKnownFileType = text.plist.xml; path = Info.plist; sourceTree = "<group>"; };
/* End PBXFileReference section */

/* Begin PBXFrameworksBuildPhase section */
		A10A11D11DE3E76000327228 /* Frameworks */ = {
			isa = PBXFrameworksBuildPhase;
			buildActionMask = 2147483647;
			files = (
			);
			runOnlyForDeploymentPostprocessing = 0;
		};
/* End PBXFrameworksBuildPhase section */

/* Begin PBXGroup section */
		A10A11CB1DE3E75F00327228 = {
			isa = PBXGroup;
			children = (
				A10A11D61DE3E76100327228 /* burgerGPS */,
				A10A11D51DE3E76000327228 /* Products */,
			);
			sourceTree = "<group>";
		};
		A10A11D51DE3E76000327228 /* Products */ = {
			isa = PBXGroup;
			children = (
				A10A11D41DE3E76000327228 /* burgerGPS.app */,
			);
			name = Products;
			sourceTree = "<group>";
		};
		A10A11D61DE3E76100327228 /* burgerGPS */ = {
			isa = PBXGroup;
			children = (
				A10A11D71DE3E76100327228 /* AppDelegate.swift */,
				A10A11D91DE3E76100327228 /* ViewController.swift */,
				A10A11DB1DE3E76200327228 /* Main.storyboard */,
				A10A11E11DE3E76500327228 /* Assets.xcassets */,
				A10A11E31DE3E76500327228 /* LaunchScreen.storyboard */,
				A10A11E61DE3E76600327228 /* Info.plist */,
				A10A11DE1DE3E76400327228 /* burgerGPS.xcdatamodeld */,
			);
			path = burgerGPS;
			sourceTree = "<group>";
		};
/* End PBXGroup section */

/* Begin PBXNativeTarget section */
		A10A11D31DE3E76000327228 /* burgerGPS */ = {
			isa = PBXNativeTarget;
			buildConfigurationList = A10A11E91DE3E76600327228 /* Build configuration list for PBXNativeTarget "burgerGPS" */;
			buildPhases = (
				A10A11D01DE3E76000327228 /* Sources */,
				A10A11D11DE3E76000327228 /* Frameworks */,
				A10A11D21DE3E76000327228 /* Resources */,
			);
			buildRules = (
			);
			dependencies = (
			);
			name = burgerGPS;
			productName = burgerGPS;
			productReference = A10A11D41DE3E76000327228 /* burgerGPS.app */;
			productType = "com.apple.product-type.application";
		};
/* End PBXNativeTarget section */

/* Begin PBXProject section */
		A10A11CC1DE3E75F00327228 /* Project object */ = {
			isa = PBXProject;
			attributes = {
				LastSwiftUpdateCheck = 0800;
				LastUpgradeCheck = 0800;
				ORGANIZATIONNAME = ckhui;
				TargetAttributes = {
					A10A11D31DE3E76000327228 = {
						CreatedOnToolsVersion = 8.0;
						ProvisioningStyle = Automatic;
					};
				};
			};
			buildConfigurationList = A10A11CF1DE3E76000327228 /* Build configuration list for PBXProject "burgerGPS" */;
			compatibilityVersion = "Xcode 3.2";
			developmentRegion = English;
			hasScannedForEncodings = 0;
			knownRegions = (
				en,
				Base,
			);
			mainGroup = A10A11CB1DE3E75F00327228;
			productRefGroup = A10A11D51DE3E76000327228 /* Products */;
			projectDirPath = "";
			projectRoot = "";
			targets = (
				A10A11D31DE3E76000327228 /* burgerGPS */,
			);
		};
/* End PBXProject section */

/* Begin PBXResourcesBuildPhase section */
		A10A11D21DE3E76000327228 /* Resources */ = {
			isa = PBXResourcesBuildPhase;
			buildActionMask = 2147483647;
			files = (
				A10A11E51DE3E76500327228 /* LaunchScreen.storyboard in Resources */,
				A10A11E21DE3E76500327228 /* Assets.xcassets in Resources */,
				A10A11DD1DE3E76200327228 /* Main.storyboard in Resources */,
			);
			runOnlyForDeploymentPostprocessing = 0;
		};
/* End PBXResourcesBuildPhase section */

/* Begin PBXSourcesBuildPhase section */
		A10A11D01DE3E76000327228 /* Sources */ = {
			isa = PBXSourcesBuildPhase;
			buildActionMask = 2147483647;
			files = (
				A10A11DA1DE3E76200327228 /* ViewController.swift in Sources */,
				A10A11E01DE3E76400327228 /* burgerGPS.xcdatamodeld in Sources */,
				A10A11D81DE3E76100327228 /* AppDelegate.swift in Sources */,
			);
			runOnlyForDeploymentPostprocessing = 0;
		};
/* End PBXSourcesBuildPhase section */

/* Begin PBXVariantGroup section */
		A10A11DB1DE3E76200327228 /* Main.storyboard */ = {
			isa = PBXVariantGroup;
			children = (
				A10A11DC1DE3E76200327228 /* Base */,
			);
			name = Main.storyboard;
			sourceTree = "<group>";
		};
		A10A11E31DE3E76500327228 /* LaunchScreen.storyboard */ = {
			isa = PBXVariantGroup;
			children = (
				A10A11E41DE3E76500327228 /* Base */,
			);
			name = LaunchScreen.storyboard;
			sourceTree = "<group>";
		};
/* End PBXVariantGroup section */

/* Begin XCBuildConfiguration section */
		A10A11E71DE3E76600327228 /* Debug */ = {
			isa = XCBuildConfiguration;
			buildSettings = {
				ALWAYS_SEARCH_USER_PATHS = NO;
				CLANG_ANALYZER_NONNULL = YES;
				CLANG_CXX_LANGUAGE_STANDARD = "gnu++0x";
				CLANG_CXX_LIBRARY = "libc++";
				CLANG_ENABLE_MODULES = YES;
				CLANG_ENABLE_OBJC_ARC = YES;
				CLANG_WARN_BOOL_CONVERSION = YES;
				CLANG_WARN_CONSTANT_CONVERSION = YES;
				CLANG_WARN_DIRECT_OBJC_ISA_USAGE = YES_ERROR;
				CLANG_WARN_DOCUMENTATION_COMMENTS = YES;
				CLANG_WARN_EMPTY_BODY = YES;
				CLANG_WARN_ENUM_CONVERSION = YES;
				CLANG_WARN_INFINITE_RECURSION = YES;
				CLANG_WARN_INT_CONVERSION = YES;
				CLANG_WARN_OBJC_ROOT_CLASS = YES_ERROR;
				CLANG_WARN_SUSPICIOUS_MOVES = YES;
				CLANG_WARN_UNREACHABLE_CODE = YES;
				CLANG_WARN__DUPLICATE_METHOD_MATCH = YES;
				"CODE_SIGN_IDENTITY[sdk=iphoneos*]" = "iPhone Developer";
				COPY_PHASE_STRIP = NO;
				DEBUG_INFORMATION_FORMAT = dwarf;
				ENABLE_STRICT_OBJC_MSGSEND = YES;
				ENABLE_TESTABILITY = YES;
				GCC_C_LANGUAGE_STANDARD = gnu99;
				GCC_DYNAMIC_NO_PIC = NO;
				GCC_NO_COMMON_BLOCKS = YES;
				GCC_OPTIMIZATION_LEVEL = 0;
				GCC_PREPROCESSOR_DEFINITIONS = (
					"DEBUG=1",
					"$(inherited)",
				);
				GCC_WARN_64_TO_32_BIT_CONVERSION = YES;
				GCC_WARN_ABOUT_RETURN_TYPE = YES_ERROR;
				GCC_WARN_UNDECLARED_SELECTOR = YES;
				GCC_WARN_UNINITIALIZED_AUTOS = YES_AGGRESSIVE;
				GCC_WARN_UNUSED_FUNCTION = YES;
				GCC_WARN_UNUSED_VARIABLE = YES;
				IPHONEOS_DEPLOYMENT_TARGET = 10.0;
				MTL_ENABLE_DEBUG_INFO = YES;
				ONLY_ACTIVE_ARCH = YES;
				SDKROOT = iphoneos;
				SWIFT_ACTIVE_COMPILATION_CONDITIONS = DEBUG;
				SWIFT_OPTIMIZATION_LEVEL = "-Onone";
				TARGETED_DEVICE_FAMILY = "1,2";
			};
			name = Debug;
		};
		A10A11E81DE3E76600327228 /* Release */ = {
			isa = XCBuildConfiguration;
			buildSettings = {
				ALWAYS_SEARCH_USER_PATHS = NO;
				CLANG_ANALYZER_NONNULL = YES;
				CLANG_CXX_LANGUAGE_STANDARD = "gnu++0x";
				CLANG_CXX_LIBRARY = "libc++";
				CLANG_ENABLE_MODULES = YES;
				CLANG_ENABLE_OBJC_ARC = YES;
				CLANG_WARN_BOOL_CONVERSION = YES;
				CLANG_WARN_CONSTANT_CONVERSION = YES;
				CLANG_WARN_DIRECT_OBJC_ISA_USAGE = YES_ERROR;
				CLANG_WARN_DOCUMENTATION_COMMENTS = YES;
				CLANG_WARN_EMPTY_BODY = YES;
				CLANG_WARN_ENUM_CONVERSION = YES;
				CLANG_WARN_INFINITE_RECURSION = YES;
				CLANG_WARN_INT_CONVERSION = YES;
				CLANG_WARN_OBJC_ROOT_CLASS = YES_ERROR;
				CLANG_WARN_SUSPICIOUS_MOVES = YES;
				CLANG_WARN_UNREACHABLE_CODE = YES;
				CLANG_WARN__DUPLICATE_METHOD_MATCH = YES;
				"CODE_SIGN_IDENTITY[sdk=iphoneos*]" = "iPhone Developer";
				COPY_PHASE_STRIP = NO;
				DEBUG_INFORMATION_FORMAT = "dwarf-with-dsym";
				ENABLE_NS_ASSERTIONS = NO;
				ENABLE_STRICT_OBJC_MSGSEND = YES;
				GCC_C_LANGUAGE_STANDARD = gnu99;
				GCC_NO_COMMON_BLOCKS = YES;
				GCC_WARN_64_TO_32_BIT_CONVERSION = YES;
				GCC_WARN_ABOUT_RETURN_TYPE = YES_ERROR;
				GCC_WARN_UNDECLARED_SELECTOR = YES;
				GCC_WARN_UNINITIALIZED_AUTOS = YES_AGGRESSIVE;
				GCC_WARN_UNUSED_FUNCTION = YES;
				GCC_WARN_UNUSED_VARIABLE = YES;
				IPHONEOS_DEPLOYMENT_TARGET = 10.0;
				MTL_ENABLE_DEBUG_INFO = NO;
				SDKROOT = iphoneos;
				SWIFT_OPTIMIZATION_LEVEL = "-Owholemodule";
				TARGETED_DEVICE_FAMILY = "1,2";
				VALIDATE_PRODUCT = YES;
			};
			name = Release;
		};
		A10A11EA1DE3E76600327228 /* Debug */ = {
			isa = XCBuildConfiguration;
			buildSettings = {
				ASSETCATALOG_COMPILER_APPICON_NAME = AppIcon;
				INFOPLIST_FILE = burgerGPS/Info.plist;
				LD_RUNPATH_SEARCH_PATHS = "$(inherited) @executable_path/Frameworks";
				PRODUCT_BUNDLE_IDENTIFIER = com.instagramatnext.burgerGPS;
				PRODUCT_NAME = "$(TARGET_NAME)";
				SWIFT_VERSION = 3.0;
			};
			name = Debug;
		};
		A10A11EB1DE3E76600327228 /* Release */ = {
			isa = XCBuildConfiguration;
			buildSettings = {
				ASSETCATALOG_COMPILER_APPICON_NAME = AppIcon;
				INFOPLIST_FILE = burgerGPS/Info.plist;
				LD_RUNPATH_SEARCH_PATHS = "$(inherited) @executable_path/Frameworks";
				PRODUCT_BUNDLE_IDENTIFIER = com.instagramatnext.burgerGPS;
				PRODUCT_NAME = "$(TARGET_NAME)";
				SWIFT_VERSION = 3.0;
			};
			name = Release;
		};
/* End XCBuildConfiguration section */

/* Begin XCConfigurationList section */
		A10A11CF1DE3E76000327228 /* Build configuration list for PBXProject "burgerGPS" */ = {
			isa = XCConfigurationList;
			buildConfigurations = (
				A10A11E71DE3E76600327228 /* Debug */,
				A10A11E81DE3E76600327228 /* Release */,
			);
			defaultConfigurationIsVisible = 0;
			defaultConfigurationName = Release;
		};
		A10A11E91DE3E76600327228 /* Build configuration list for PBXNativeTarget "burgerGPS" */ = {
			isa = XCConfigurationList;
			buildConfigurations = (
				A10A11EA1DE3E76600327228 /* Debug */,
				A10A11EB1DE3E76600327228 /* Release */,
			);
			defaultConfigurationIsVisible = 0;
		};
/* End XCConfigurationList section */

/* Begin XCVersionGroup section */
		A10A11DE1DE3E76400327228 /* burgerGPS.xcdatamodeld */ = {
			isa = XCVersionGroup;
			children = (
				A10A11DF1DE3E76400327228 /* burgerGPS.xcdatamodel */,
			);
			currentVersion = A10A11DF1DE3E76400327228 /* burgerGPS.xcdatamodel */;
			path = burgerGPS.xcdatamodeld;
			sourceTree = "<group>";
			versionGroupType = wrapper.xcdatamodel;
		};
/* End XCVersionGroup section */
	};
	rootObject = A10A11CC1DE3E75F00327228 /* Project object */;
}
