// !$*UTF8*$!
{
	archiveVersion = 1;
	classes = {
	};
	objectVersion = 46;
	objects = {

/* Begin PBXBuildFile section */
		A12A38921DE2906C005CF140 /* AppDelegate.swift in Sources */ = {isa = PBXBuildFile; fileRef = A12A38911DE2906C005CF140 /* AppDelegate.swift */; };
		A12A38941DE2906F005CF140 /* ViewController.swift in Sources */ = {isa = PBXBuildFile; fileRef = A12A38931DE2906F005CF140 /* ViewController.swift */; };
		A12A38971DE29075005CF140 /* Main.storyboard in Resources */ = {isa = PBXBuildFile; fileRef = A12A38951DE29075005CF140 /* Main.storyboard */; };
		A12A389A1DE2907D005CF140 /* Mapper.xcdatamodeld in Sources */ = {isa = PBXBuildFile; fileRef = A12A38981DE2907C005CF140 /* Mapper.xcdatamodeld */; };
		A12A389C1DE29080005CF140 /* Assets.xcassets in Resources */ = {isa = PBXBuildFile; fileRef = A12A389B1DE29080005CF140 /* Assets.xcassets */; };
		A12A389F1DE29084005CF140 /* LaunchScreen.storyboard in Resources */ = {isa = PBXBuildFile; fileRef = A12A389D1DE29084005CF140 /* LaunchScreen.storyboard */; };
		A12A38A81DE29145005CF140 /* MapKit.framework in Frameworks */ = {isa = PBXBuildFile; fileRef = A12A38A71DE29144005CF140 /* MapKit.framework */; };
		A12A38AA1DE2914D005CF140 /* CoreLocation.framework in Frameworks */ = {isa = PBXBuildFile; fileRef = A12A38A91DE2914D005CF140 /* CoreLocation.framework */; };
/* End PBXBuildFile section */

/* Begin PBXFileReference section */
		A12A388E1DE29068005CF140 /* Mapper.app */ = {isa = PBXFileReference; explicitFileType = wrapper.application; includeInIndex = 0; path = Mapper.app; sourceTree = BUILT_PRODUCTS_DIR; };
		A12A38911DE2906C005CF140 /* AppDelegate.swift */ = {isa = PBXFileReference; lastKnownFileType = sourcecode.swift; path = AppDelegate.swift; sourceTree = "<group>"; };
		A12A38931DE2906F005CF140 /* ViewController.swift */ = {isa = PBXFileReference; lastKnownFileType = sourcecode.swift; path = ViewController.swift; sourceTree = "<group>"; };
		A12A38961DE29075005CF140 /* Base */ = {isa = PBXFileReference; lastKnownFileType = file.storyboard; name = Base; path = Base.lproj/Main.storyboard; sourceTree = "<group>"; };
		A12A38991DE2907C005CF140 /* Mapper.xcdatamodel */ = {isa = PBXFileReference; lastKnownFileType = wrapper.xcdatamodel; path = Mapper.xcdatamodel; sourceTree = "<group>"; };
		A12A389B1DE29080005CF140 /* Assets.xcassets */ = {isa = PBXFileReference; lastKnownFileType = folder.assetcatalog; path = Assets.xcassets; sourceTree = "<group>"; };
		A12A389E1DE29084005CF140 /* Base */ = {isa = PBXFileReference; lastKnownFileType = file.storyboard; name = Base; path = Base.lproj/LaunchScreen.storyboard; sourceTree = "<group>"; };
		A12A38A01DE29085005CF140 /* Info.plist */ = {isa = PBXFileReference; lastKnownFileType = text.plist.xml; path = Info.plist; sourceTree = "<group>"; };
		A12A38A71DE29144005CF140 /* MapKit.framework */ = {isa = PBXFileReference; lastKnownFileType = wrapper.framework; name = MapKit.framework; path = System/Library/Frameworks/MapKit.framework; sourceTree = SDKROOT; };
		A12A38A91DE2914D005CF140 /* CoreLocation.framework */ = {isa = PBXFileReference; lastKnownFileType = wrapper.framework; name = CoreLocation.framework; path = System/Library/Frameworks/CoreLocation.framework; sourceTree = SDKROOT; };
/* End PBXFileReference section */

/* Begin PBXFrameworksBuildPhase section */
		A12A388B1DE29068005CF140 /* Frameworks */ = {
			isa = PBXFrameworksBuildPhase;
			buildActionMask = 2147483647;
			files = (
				A12A38AA1DE2914D005CF140 /* CoreLocation.framework in Frameworks */,
				A12A38A81DE29145005CF140 /* MapKit.framework in Frameworks */,
			);
			runOnlyForDeploymentPostprocessing = 0;
		};
/* End PBXFrameworksBuildPhase section */

/* Begin PBXGroup section */
		A12A38851DE29064005CF140 = {
			isa = PBXGroup;
			children = (
				A12A38901DE29069005CF140 /* Mapper */,
				A12A388F1DE29068005CF140 /* Products */,
				A12A38A61DE29144005CF140 /* Frameworks */,
			);
			sourceTree = "<group>";
		};
		A12A388F1DE29068005CF140 /* Products */ = {
			isa = PBXGroup;
			children = (
				A12A388E1DE29068005CF140 /* Mapper.app */,
			);
			name = Products;
			sourceTree = "<group>";
		};
		A12A38901DE29069005CF140 /* Mapper */ = {
			isa = PBXGroup;
			children = (
				A12A38911DE2906C005CF140 /* AppDelegate.swift */,
				A12A38931DE2906F005CF140 /* ViewController.swift */,
				A12A38951DE29075005CF140 /* Main.storyboard */,
				A12A389B1DE29080005CF140 /* Assets.xcassets */,
				A12A389D1DE29084005CF140 /* LaunchScreen.storyboard */,
				A12A38A01DE29085005CF140 /* Info.plist */,
				A12A38981DE2907C005CF140 /* Mapper.xcdatamodeld */,
			);
			path = Mapper;
			sourceTree = "<group>";
		};
		A12A38A61DE29144005CF140 /* Frameworks */ = {
			isa = PBXGroup;
			children = (
				A12A38A91DE2914D005CF140 /* CoreLocation.framework */,
				A12A38A71DE29144005CF140 /* MapKit.framework */,
			);
			name = Frameworks;
			sourceTree = "<group>";
		};
/* End PBXGroup section */

/* Begin PBXNativeTarget section */
		A12A388D1DE29068005CF140 /* Mapper */ = {
			isa = PBXNativeTarget;
			buildConfigurationList = A12A38A31DE29085005CF140 /* Build configuration list for PBXNativeTarget "Mapper" */;
			buildPhases = (
				A12A388A1DE29068005CF140 /* Sources */,
				A12A388B1DE29068005CF140 /* Frameworks */,
				A12A388C1DE29068005CF140 /* Resources */,
			);
			buildRules = (
			);
			dependencies = (
			);
			name = Mapper;
			productName = Mapper;
			productReference = A12A388E1DE29068005CF140 /* Mapper.app */;
			productType = "com.apple.product-type.application";
		};
/* End PBXNativeTarget section */

/* Begin PBXProject section */
		A12A38861DE29066005CF140 /* Project object */ = {
			isa = PBXProject;
			attributes = {
				LastSwiftUpdateCheck = 0800;
				LastUpgradeCheck = 0800;
				ORGANIZATIONNAME = ckhui;
				TargetAttributes = {
					A12A388D1DE29068005CF140 = {
						CreatedOnToolsVersion = 8.0;
						ProvisioningStyle = Automatic;
					};
				};
			};
			buildConfigurationList = A12A38891DE29066005CF140 /* Build configuration list for PBXProject "Mapper" */;
			compatibilityVersion = "Xcode 3.2";
			developmentRegion = English;
			hasScannedForEncodings = 0;
			knownRegions = (
				en,
				Base,
			);
			mainGroup = A12A38851DE29064005CF140;
			productRefGroup = A12A388F1DE29068005CF140 /* Products */;
			projectDirPath = "";
			projectRoot = "";
			targets = (
				A12A388D1DE29068005CF140 /* Mapper */,
			);
		};
/* End PBXProject section */

/* Begin PBXResourcesBuildPhase section */
		A12A388C1DE29068005CF140 /* Resources */ = {
			isa = PBXResourcesBuildPhase;
			buildActionMask = 2147483647;
			files = (
				A12A389F1DE29084005CF140 /* LaunchScreen.storyboard in Resources */,
				A12A389C1DE29080005CF140 /* Assets.xcassets in Resources */,
				A12A38971DE29075005CF140 /* Main.storyboard in Resources */,
			);
			runOnlyForDeploymentPostprocessing = 0;
		};
/* End PBXResourcesBuildPhase section */

/* Begin PBXSourcesBuildPhase section */
		A12A388A1DE29068005CF140 /* Sources */ = {
			isa = PBXSourcesBuildPhase;
			buildActionMask = 2147483647;
			files = (
				A12A389A1DE2907D005CF140 /* Mapper.xcdatamodeld in Sources */,
				A12A38941DE2906F005CF140 /* ViewController.swift in Sources */,
				A12A38921DE2906C005CF140 /* AppDelegate.swift in Sources */,
			);
			runOnlyForDeploymentPostprocessing = 0;
		};
/* End PBXSourcesBuildPhase section */

/* Begin PBXVariantGroup section */
		A12A38951DE29075005CF140 /* Main.storyboard */ = {
			isa = PBXVariantGroup;
			children = (
				A12A38961DE29075005CF140 /* Base */,
			);
			name = Main.storyboard;
			sourceTree = "<group>";
		};
		A12A389D1DE29084005CF140 /* LaunchScreen.storyboard */ = {
			isa = PBXVariantGroup;
			children = (
				A12A389E1DE29084005CF140 /* Base */,
			);
			name = LaunchScreen.storyboard;
			sourceTree = "<group>";
		};
/* End PBXVariantGroup section */

/* Begin XCBuildConfiguration section */
		A12A38A11DE29085005CF140 /* Debug */ = {
			isa = XCBuildConfiguration;
			buildSettings = {
				ALWAYS_SEARCH_USER_PATHS = NO;
				CLANG_ANALYZER_NONNULL = YES;
				CLANG_CXX_LANGUAGE_STANDARD = "gnu++0x";
				CLANG_CXX_LIBRARY = "libc++";
				CLANG_ENABLE_MODULES = YES;
				CLANG_ENABLE_OBJC_ARC = YES;
				CLANG_WARN_BOOL_CONVERSION = YES;
				CLANG_WARN_CONSTANT_CONVERSION = YES;
				CLANG_WARN_DIRECT_OBJC_ISA_USAGE = YES_ERROR;
				CLANG_WARN_DOCUMENTATION_COMMENTS = YES;
				CLANG_WARN_EMPTY_BODY = YES;
				CLANG_WARN_ENUM_CONVERSION = YES;
				CLANG_WARN_INFINITE_RECURSION = YES;
				CLANG_WARN_INT_CONVERSION = YES;
				CLANG_WARN_OBJC_ROOT_CLASS = YES_ERROR;
				CLANG_WARN_SUSPICIOUS_MOVES = YES;
				CLANG_WARN_UNREACHABLE_CODE = YES;
				CLANG_WARN__DUPLICATE_METHOD_MATCH = YES;
				"CODE_SIGN_IDENTITY[sdk=iphoneos*]" = "iPhone Developer";
				COPY_PHASE_STRIP = NO;
				DEBUG_INFORMATION_FORMAT = dwarf;
				ENABLE_STRICT_OBJC_MSGSEND = YES;
				ENABLE_TESTABILITY = YES;
				GCC_C_LANGUAGE_STANDARD = gnu99;
				GCC_DYNAMIC_NO_PIC = NO;
				GCC_NO_COMMON_BLOCKS = YES;
				GCC_OPTIMIZATION_LEVEL = 0;
				GCC_PREPROCESSOR_DEFINITIONS = (
					"DEBUG=1",
					"$(inherited)",
				);
				GCC_WARN_64_TO_32_BIT_CONVERSION = YES;
				GCC_WARN_ABOUT_RETURN_TYPE = YES_ERROR;
				GCC_WARN_UNDECLARED_SELECTOR = YES;
				GCC_WARN_UNINITIALIZED_AUTOS = YES_AGGRESSIVE;
				GCC_WARN_UNUSED_FUNCTION = YES;
				GCC_WARN_UNUSED_VARIABLE = YES;
				IPHONEOS_DEPLOYMENT_TARGET = 10.0;
				MTL_ENABLE_DEBUG_INFO = YES;
				ONLY_ACTIVE_ARCH = YES;
				SDKROOT = iphoneos;
				SWIFT_ACTIVE_COMPILATION_CONDITIONS = DEBUG;
				SWIFT_OPTIMIZATION_LEVEL = "-Onone";
				TARGETED_DEVICE_FAMILY = "1,2";
			};
			name = Debug;
		};
		A12A38A21DE29085005CF140 /* Release */ = {
			isa = XCBuildConfiguration;
			buildSettings = {
				ALWAYS_SEARCH_USER_PATHS = NO;
				CLANG_ANALYZER_NONNULL = YES;
				CLANG_CXX_LANGUAGE_STANDARD = "gnu++0x";
				CLANG_CXX_LIBRARY = "libc++";
				CLANG_ENABLE_MODULES = YES;
				CLANG_ENABLE_OBJC_ARC = YES;
				CLANG_WARN_BOOL_CONVERSION = YES;
				CLANG_WARN_CONSTANT_CONVERSION = YES;
				CLANG_WARN_DIRECT_OBJC_ISA_USAGE = YES_ERROR;
				CLANG_WARN_DOCUMENTATION_COMMENTS = YES;
				CLANG_WARN_EMPTY_BODY = YES;
				CLANG_WARN_ENUM_CONVERSION = YES;
				CLANG_WARN_INFINITE_RECURSION = YES;
				CLANG_WARN_INT_CONVERSION = YES;
				CLANG_WARN_OBJC_ROOT_CLASS = YES_ERROR;
				CLANG_WARN_SUSPICIOUS_MOVES = YES;
				CLANG_WARN_UNREACHABLE_CODE = YES;
				CLANG_WARN__DUPLICATE_METHOD_MATCH = YES;
				"CODE_SIGN_IDENTITY[sdk=iphoneos*]" = "iPhone Developer";
				COPY_PHASE_STRIP = NO;
				DEBUG_INFORMATION_FORMAT = "dwarf-with-dsym";
				ENABLE_NS_ASSERTIONS = NO;
				ENABLE_STRICT_OBJC_MSGSEND = YES;
				GCC_C_LANGUAGE_STANDARD = gnu99;
				GCC_NO_COMMON_BLOCKS = YES;
				GCC_WARN_64_TO_32_BIT_CONVERSION = YES;
				GCC_WARN_ABOUT_RETURN_TYPE = YES_ERROR;
				GCC_WARN_UNDECLARED_SELECTOR = YES;
				GCC_WARN_UNINITIALIZED_AUTOS = YES_AGGRESSIVE;
				GCC_WARN_UNUSED_FUNCTION = YES;
				GCC_WARN_UNUSED_VARIABLE = YES;
				IPHONEOS_DEPLOYMENT_TARGET = 10.0;
				MTL_ENABLE_DEBUG_INFO = NO;
				SDKROOT = iphoneos;
				SWIFT_OPTIMIZATION_LEVEL = "-Owholemodule";
				TARGETED_DEVICE_FAMILY = "1,2";
				VALIDATE_PRODUCT = YES;
			};
			name = Release;
		};
		A12A38A41DE29085005CF140 /* Debug */ = {
			isa = XCBuildConfiguration;
			buildSettings = {
				ASSETCATALOG_COMPILER_APPICON_NAME = AppIcon;
				INFOPLIST_FILE = Mapper/Info.plist;
				LD_RUNPATH_SEARCH_PATHS = "$(inherited) @executable_path/Frameworks";
				PRODUCT_BUNDLE_IDENTIFIER = com.instagramatnext.Mapper;
				PRODUCT_NAME = "$(TARGET_NAME)";
				SWIFT_VERSION = 3.0;
			};
			name = Debug;
		};
		A12A38A51DE29085005CF140 /* Release */ = {
			isa = XCBuildConfiguration;
			buildSettings = {
				ASSETCATALOG_COMPILER_APPICON_NAME = AppIcon;
				INFOPLIST_FILE = Mapper/Info.plist;
				LD_RUNPATH_SEARCH_PATHS = "$(inherited) @executable_path/Frameworks";
				PRODUCT_BUNDLE_IDENTIFIER = com.instagramatnext.Mapper;
				PRODUCT_NAME = "$(TARGET_NAME)";
				SWIFT_VERSION = 3.0;
			};
			name = Release;
		};
/* End XCBuildConfiguration section */

/* Begin XCConfigurationList section */
		A12A38891DE29066005CF140 /* Build configuration list for PBXProject "Mapper" */ = {
			isa = XCConfigurationList;
			buildConfigurations = (
				A12A38A11DE29085005CF140 /* Debug */,
				A12A38A21DE29085005CF140 /* Release */,
			);
			defaultConfigurationIsVisible = 0;
			defaultConfigurationName = Release;
		};
		A12A38A31DE29085005CF140 /* Build configuration list for PBXNativeTarget "Mapper" */ = {
			isa = XCConfigurationList;
			buildConfigurations = (
				A12A38A41DE29085005CF140 /* Debug */,
				A12A38A51DE29085005CF140 /* Release */,
			);
			defaultConfigurationIsVisible = 0;
		};
/* End XCConfigurationList section */

/* Begin XCVersionGroup section */
		A12A38981DE2907C005CF140 /* Mapper.xcdatamodeld */ = {
			isa = XCVersionGroup;
			children = (
				A12A38991DE2907C005CF140 /* Mapper.xcdatamodel */,
			);
			currentVersion = A12A38991DE2907C005CF140 /* Mapper.xcdatamodel */;
			path = Mapper.xcdatamodeld;
			sourceTree = "<group>";
			versionGroupType = wrapper.xcdatamodel;
		};
/* End XCVersionGroup section */
	};
	rootObject = A12A38861DE29066005CF140 /* Project object */;
}
